
Microsoft Visual Studio Solution File, Format Version 12.00
# Visual Studio Version 17
VisualStudioVersion = 17.2.32616.157
MinimumVisualStudioVersion = 10.0.40219.1
Project("{9A19103F-16F7-4668-BE54-9A1E7A4F7556}") = "RPS", "RPS\RPS.csproj", "{D00F34B2-88CF-4FD0-BA54-760CDBCFF45D}"
EndProject
Global
	GlobalSection(SolutionConfigurationPlatforms) = preSolution
		Debug|Any CPU = Debug|Any CPU
		Release|Any CPU = Release|Any CPU
	EndGlobalSection
	GlobalSection(ProjectConfigurationPlatforms) = postSolution
		{D00F34B2-88CF-4FD0-BA54-760CDBCFF45D}.Debug|Any CPU.ActiveCfg = Debug|Any CPU
		{D00F34B2-88CF-4FD0-BA54-760CDBCFF45D}.Debug|Any CPU.Build.0 = Debug|Any CPU
		{D00F34B2-88CF-4FD0-BA54-760CDBCFF45D}.Release|Any CPU.ActiveCfg = Release|Any CPU
		{D00F34B2-88CF-4FD0-BA54-760CDBCFF45D}.Release|Any CPU.Build.0 = Release|Any CPU
	EndGlobalSection
	GlobalSection(SolutionProperties) = preSolution
		HideSolutionNode = FALSE
	EndGlobalSection
	GlobalSection(ExtensibilityGlobals) = postSolution
		SolutionGuid = {8F5CFDC9-6F2A-4BEA-B550-DCAB1D9A7851}
	EndGlobalSection
EndGlobal
